
Microsoft Visual Studio Solution File, Format Version 11.00
# Visual Studio 2010
Project("{FAE04EC0-301F-11D3-BF4B-00C04F79EFBC}") = "Assembly-CSharp", "Assembly-CSharp.csproj", "{b3238521-cd90-36dc-8dc3-31d132a91816}"
EndProject
Project("{FAE04EC0-301F-11D3-BF4B-00C04F79EFBC}") = "Assembly-CSharp-Editor-firstpass", "Assembly-CSharp-Editor-firstpass.csproj", "{e214ac71-79ea-4fbd-06fd-354d31913717}"
EndProject
Global
	GlobalSection(SolutionConfigurationPlatforms) = preSolution
		Debug|Any CPU = Debug|Any CPU
	EndGlobalSection
	GlobalSection(ProjectConfigurationPlatforms) = postSolution
		{b3238521-cd90-36dc-8dc3-31d132a91816}.Debug|Any CPU.ActiveCfg = Debug|Any CPU
		{b3238521-cd90-36dc-8dc3-31d132a91816}.Debug|Any CPU.Build.0 = Debug|Any CPU
		{e214ac71-79ea-4fbd-06fd-354d31913717}.Debug|Any CPU.ActiveCfg = Debug|Any CPU
		{e214ac71-79ea-4fbd-06fd-354d31913717}.Debug|Any CPU.Build.0 = Debug|Any CPU
	EndGlobalSection
	GlobalSection(SolutionProperties) = preSolution
		HideSolutionNode = FALSE
	EndGlobalSection
EndGlobal
